Microsoft Visual Studio Solution File, Format Version 12.00
# Visual Studio Version 17
VisualStudioVersion = 17.5.2.0
MinimumVisualStudioVersion = 10.0.40219.1
Project("{FAE04EC0-301F-11D3-BF4B-00C04F79EFBC}") = "Casino_Api", "Casino_Api\Casino_Api.csproj", "{C7D136AE-5BD7-992B-7316-D0ED7AF6237E}"
EndProject
Global
	GlobalSection(SolutionConfigurationPlatforms) = preSolution
		Debug|Any CPU = Debug|Any CPU
		Release|Any CPU = Release|Any CPU
	EndGlobalSection
	GlobalSection(ProjectConfigurationPlatforms) = postSolution
		{C7D136AE-5BD7-992B-7316-D0ED7AF6237E}.Debug|Any CPU.ActiveCfg = Debug|Any CPU
		{C7D136AE-5BD7-992B-7316-D0ED7AF6237E}.Debug|Any CPU.Build.0 = Debug|Any CPU
		{C7D136AE-5BD7-992B-7316-D0ED7AF6237E}.Release|Any CPU.ActiveCfg = Release|Any CPU
		{C7D136AE-5BD7-992B-7316-D0ED7AF6237E}.Release|Any CPU.Build.0 = Release|Any CPU
	EndGlobalSection
	GlobalSection(SolutionProperties) = preSolution
		HideSolutionNode = FALSE
	EndGlobalSection
	GlobalSection(ExtensibilityGlobals) = postSolution
		SolutionGuid = {AD45F85B-11D7-470A-8575-F8B72D62F307}
	EndGlobalSection
EndGlobal
